
Microsoft Visual Studio Solution File, Format Version 12.00
# Visual Studio Version 16
VisualStudioVersion = 16.0.31424.327
MinimumVisualStudioVersion = 10.0.40219.1
Project("{D954291E-2A0B-460D-934E-DC6B0785DB48}") = "UnoApp.Shared", "UnoApp.Shared\UnoApp.Shared.shproj", "{EA86AECF-373E-4B52-8E10-CE678BA7C13D}"
EndProject
Project("{FAE04EC0-301F-11D3-BF4B-00C04F79EFBC}") = "UnoApp.Core", "UnoApp.Core\UnoApp.Core.csproj", "{675D547B-0280-4CF7-B39C-6424E1EE0878}"
EndProject
Project("{FAE04EC0-301F-11D3-BF4B-00C04F79EFBC}") = "UnoApp.Droid", "Platforms\UnoApp.Droid\UnoApp.Droid.csproj", "{73A32801-6656-4E2F-ADD5-F159AAAFE5F3}"
EndProject
Project("{FAE04EC0-301F-11D3-BF4B-00C04F79EFBC}") = "UnoApp.iOS", "Platforms\UnoApp.iOS\UnoApp.iOS.csproj", "{B355968B-BDB1-483A-8A9D-80A45B9E177E}"
EndProject
Project("{FAE04EC0-301F-11D3-BF4B-00C04F79EFBC}") = "UnoApp.UWP", "Platforms\UnoApp.UWP\UnoApp.UWP.csproj", "{6F8B6BE3-B391-4D01-8E51-176F75FD1396}"
EndProject
Project("{FAE04EC0-301F-11D3-BF4B-00C04F79EFBC}") = "UnoApp.Wasm", "Platforms\UnoApp.Wasm\UnoApp.Wasm.csproj", "{07E63CC8-096A-48B5-A5DF-3122E55B7F39}"
EndProject
Project("{FAE04EC0-301F-11D3-BF4B-00C04F79EFBC}") = "UnoApp.macOS", "Platforms\UnoApp.macOS\UnoApp.macOS.csproj", "{DA22CD23-F354-4664-B03F-CACEF3C82801}"
EndProject
Global
	GlobalSection(SharedMSBuildProjectFiles) = preSolution
		UnoApp.Shared\UnoApp.Shared.projitems*{07e63cc8-096a-48b5-a5df-3122e55b7f39}*SharedItemsImports = 5
		UnoApp.Shared\UnoApp.Shared.projitems*{6f8b6be3-b391-4d01-8e51-176f75fd1396}*SharedItemsImports = 4
		UnoApp.Shared\UnoApp.Shared.projitems*{73a32801-6656-4e2f-add5-f159aaafe5f3}*SharedItemsImports = 4
		UnoApp.Shared\UnoApp.Shared.projitems*{b355968b-bdb1-483a-8a9d-80a45b9e177e}*SharedItemsImports = 4
		UnoApp.Shared\UnoApp.Shared.projitems*{da22cd23-f354-4664-b03f-cacef3c82801}*SharedItemsImports = 4
		UnoApp.Shared\UnoApp.Shared.projitems*{ea86aecf-373e-4b52-8e10-ce678ba7c13d}*SharedItemsImports = 13
	EndGlobalSection
	GlobalSection(SolutionConfigurationPlatforms) = preSolution
		Ad-Hoc|Any CPU = Ad-Hoc|Any CPU
		Ad-Hoc|ARM = Ad-Hoc|ARM
		Ad-Hoc|ARM64 = Ad-Hoc|ARM64
		Ad-Hoc|iPhone = Ad-Hoc|iPhone
		Ad-Hoc|iPhoneSimulator = Ad-Hoc|iPhoneSimulator
		Ad-Hoc|x64 = Ad-Hoc|x64
		Ad-Hoc|x86 = Ad-Hoc|x86
		AppStore|Any CPU = AppStore|Any CPU
		AppStore|ARM = AppStore|ARM
		AppStore|ARM64 = AppStore|ARM64
		AppStore|iPhone = AppStore|iPhone
		AppStore|iPhoneSimulator = AppStore|iPhoneSimulator
		AppStore|x64 = AppStore|x64
		AppStore|x86 = AppStore|x86
		Debug|Any CPU = Debug|Any CPU
		Debug|ARM = Debug|ARM
		Debug|ARM64 = Debug|ARM64
		Debug|iPhone = Debug|iPhone
		Debug|iPhoneSimulator = Debug|iPhoneSimulator
		Debug|x64 = Debug|x64
		Debug|x86 = Debug|x86
		Release|Any CPU = Release|Any CPU
		Release|ARM = Release|ARM
		Release|ARM64 = Release|ARM64
		Release|iPhone = Release|iPhone
		Release|iPhoneSimulator = Release|iPhoneSimulator
		Release|x64 = Release|x64
		Release|x86 = Release|x86
	EndGlobalSection
	GlobalSection(ProjectConfigurationPlatforms) = postSolution
		{675D547B-0280-4CF7-B39C-6424E1EE0878}.Ad-Hoc|Any CPU.ActiveCfg = Debug|Any CPU
		{675D547B-0280-4CF7-B39C-6424E1EE0878}.Ad-Hoc|Any CPU.Build.0 = Debug|Any CPU
		{675D547B-0280-4CF7-B39C-6424E1EE0878}.Ad-Hoc|ARM.ActiveCfg = Debug|Any CPU
		{675D547B-0280-4CF7-B39C-6424E1EE0878}.Ad-Hoc|ARM.Build.0 = Debug|Any CPU
		{675D547B-0280-4CF7-B39C-6424E1EE0878}.Ad-Hoc|ARM64.ActiveCfg = Debug|Any CPU
		{675D547B-0280-4CF7-B39C-6424E1EE0878}.Ad-Hoc|ARM64.Build.0 = Debug|Any CPU
		{675D547B-0280-4CF7-B39C-6424E1EE0878}.Ad-Hoc|iPhone.ActiveCfg = Debug|Any CPU
		{675D547B-0280-4CF7-B39C-6424E1EE0878}.Ad-Hoc|iPhone.Build.0 = Debug|Any CPU
		{675D547B-0280-4CF7-B39C-6424E1EE0878}.Ad-Hoc|iPhoneSimulator.ActiveCfg = Debug|Any CPU
		{675D547B-0280-4CF7-B39C-6424E1EE0878}.Ad-Hoc|iPhoneSimulator.Build.0 = Debug|Any CPU
		{675D547B-0280-4CF7-B39C-6424E1EE0878}.Ad-Hoc|x64.ActiveCfg = Debug|Any CPU
		{675D547B-0280-4CF7-B39C-6424E1EE0878}.Ad-Hoc|x64.Build.0 = Debug|Any CPU
		{675D547B-0280-4CF7-B39C-6424E1EE0878}.Ad-Hoc|x86.ActiveCfg = Debug|Any CPU
		{675D547B-0280-4CF7-B39C-6424E1EE0878}.Ad-Hoc|x86.Build.0 = Debug|Any CPU
		{675D547B-0280-4CF7-B39C-6424E1EE0878}.AppStore|Any CPU.ActiveCfg = Debug|Any CPU
		{675D547B-0280-4CF7-B39C-6424E1EE0878}.AppStore|Any CPU.Build.0 = Debug|Any CPU
		{675D547B-0280-4CF7-B39C-6424E1EE0878}.AppStore|ARM.ActiveCfg = Debug|Any CPU
		{675D547B-0280-4CF7-B39C-6424E1EE0878}.AppStore|ARM.Build.0 = Debug|Any CPU
		{675D547B-0280-4CF7-B39C-6424E1EE0878}.AppStore|ARM64.ActiveCfg = Debug|Any CPU
		{675D547B-0280-4CF7-B39C-6424E1EE0878}.AppStore|ARM64.Build.0 = Debug|Any CPU
		{675D547B-0280-4CF7-B39C-6424E1EE0878}.AppStore|iPhone.ActiveCfg = Debug|Any CPU
		{675D547B-0280-4CF7-B39C-6424E1EE0878}.AppStore|iPhone.Build.0 = Debug|Any CPU
		{675D547B-0280-4CF7-B39C-6424E1EE0878}.AppStore|iPhoneSimulator.ActiveCfg = Debug|Any CPU
		{675D547B-0280-4CF7-B39C-6424E1EE0878}.AppStore|iPhoneSimulator.Build.0 = Debug|Any CPU
		{675D547B-0280-4CF7-B39C-6424E1EE0878}.AppStore|x64.ActiveCfg = Debug|Any CPU
		{675D547B-0280-4CF7-B39C-6424E1EE0878}.AppStore|x64.Build.0 = Debug|Any CPU
		{675D547B-0280-4CF7-B39C-6424E1EE0878}.AppStore|x86.ActiveCfg = Debug|Any CPU
		{675D547B-0280-4CF7-B39C-6424E1EE0878}.AppStore|x86.Build.0 = Debug|Any CPU
		{675D547B-0280-4CF7-B39C-6424E1EE0878}.Debug|Any CPU.ActiveCfg = Debug|Any CPU
		{675D547B-0280-4CF7-B39C-6424E1EE0878}.Debug|Any CPU.Build.0 = Debug|Any CPU
		{675D547B-0280-4CF7-B39C-6424E1EE0878}.Debug|ARM.ActiveCfg = Debug|Any CPU
		{675D547B-0280-4CF7-B39C-6424E1EE0878}.Debug|ARM.Build.0 = Debug|Any CPU
		{675D547B-0280-4CF7-B39C-6424E1EE0878}.Debug|ARM64.ActiveCfg = Debug|Any CPU
		{675D547B-0280-4CF7-B39C-6424E1EE0878}.Debug|ARM64.Build.0 = Debug|Any CPU
		{675D547B-0280-4CF7-B39C-6424E1EE0878}.Debug|iPhone.ActiveCfg = Debug|Any CPU
		{675D547B-0280-4CF7-B39C-6424E1EE0878}.Debug|iPhone.Build.0 = Debug|Any CPU
		{675D547B-0280-4CF7-B39C-6424E1EE0878}.Debug|iPhoneSimulator.ActiveCfg = Debug|Any CPU
		{675D547B-0280-4CF7-B39C-6424E1EE0878}.Debug|iPhoneSimulator.Build.0 = Debug|Any CPU
		{675D547B-0280-4CF7-B39C-6424E1EE0878}.Debug|x64.ActiveCfg = Debug|Any CPU
		{675D547B-0280-4CF7-B39C-6424E1EE0878}.Debug|x64.Build.0 = Debug|Any CPU
		{675D547B-0280-4CF7-B39C-6424E1EE0878}.Debug|x86.ActiveCfg = Debug|Any CPU
		{675D547B-0280-4CF7-B39C-6424E1EE0878}.Debug|x86.Build.0 = Debug|Any CPU
		{675D547B-0280-4CF7-B39C-6424E1EE0878}.Release|Any CPU.ActiveCfg = Release|Any CPU
		{675D547B-0280-4CF7-B39C-6424E1EE0878}.Release|Any CPU.Build.0 = Release|Any CPU
		{675D547B-0280-4CF7-B39C-6424E1EE0878}.Release|ARM.ActiveCfg = Release|Any CPU
		{675D547B-0280-4CF7-B39C-6424E1EE0878}.Release|ARM.Build.0 = Release|Any CPU
		{675D547B-0280-4CF7-B39C-6424E1EE0878}.Release|ARM64.ActiveCfg = Release|Any CPU
		{675D547B-0280-4CF7-B39C-6424E1EE0878}.Release|ARM64.Build.0 = Release|Any CPU
		{675D547B-0280-4CF7-B39C-6424E1EE0878}.Release|iPhone.ActiveCfg = Release|Any CPU
		{675D547B-0280-4CF7-B39C-6424E1EE0878}.Release|iPhone.Build.0 = Release|Any CPU
		{675D547B-0280-4CF7-B39C-6424E1EE0878}.Release|iPhoneSimulator.ActiveCfg = Release|Any CPU
		{675D547B-0280-4CF7-B39C-6424E1EE0878}.Release|iPhoneSimulator.Build.0 = Release|Any CPU
		{675D547B-0280-4CF7-B39C-6424E1EE0878}.Release|x64.ActiveCfg = Release|Any CPU
		{675D547B-0280-4CF7-B39C-6424E1EE0878}.Release|x64.Build.0 = Release|Any CPU
		{675D547B-0280-4CF7-B39C-6424E1EE0878}.Release|x86.ActiveCfg = Release|Any CPU
		{675D547B-0280-4CF7-B39C-6424E1EE0878}.Release|x86.Build.0 = Release|Any CPU
		{73A32801-6656-4E2F-ADD5-F159AAAFE5F3}.Ad-Hoc|Any CPU.ActiveCfg = Debug|Any CPU
		{73A32801-6656-4E2F-ADD5-F159AAAFE5F3}.Ad-Hoc|Any CPU.Build.0 = Debug|Any CPU
		{73A32801-6656-4E2F-ADD5-F159AAAFE5F3}.Ad-Hoc|Any CPU.Deploy.0 = Debug|Any CPU
		{73A32801-6656-4E2F-ADD5-F159AAAFE5F3}.Ad-Hoc|ARM.ActiveCfg = Debug|Any CPU
		{73A32801-6656-4E2F-ADD5-F159AAAFE5F3}.Ad-Hoc|ARM.Build.0 = Debug|Any CPU
		{73A32801-6656-4E2F-ADD5-F159AAAFE5F3}.Ad-Hoc|ARM.Deploy.0 = Debug|Any CPU
		{73A32801-6656-4E2F-ADD5-F159AAAFE5F3}.Ad-Hoc|ARM64.ActiveCfg = Debug|Any CPU
		{73A32801-6656-4E2F-ADD5-F159AAAFE5F3}.Ad-Hoc|ARM64.Build.0 = Debug|Any CPU
		{73A32801-6656-4E2F-ADD5-F159AAAFE5F3}.Ad-Hoc|ARM64.Deploy.0 = Debug|Any CPU
		{73A32801-6656-4E2F-ADD5-F159AAAFE5F3}.Ad-Hoc|iPhone.ActiveCfg = Debug|Any CPU
		{73A32801-6656-4E2F-ADD5-F159AAAFE5F3}.Ad-Hoc|iPhone.Build.0 = Debug|Any CPU
		{73A32801-6656-4E2F-ADD5-F159AAAFE5F3}.Ad-Hoc|iPhone.Deploy.0 = Debug|Any CPU
		{73A32801-6656-4E2F-ADD5-F159AAAFE5F3}.Ad-Hoc|iPhoneSimulator.ActiveCfg = Debug|Any CPU
		{73A32801-6656-4E2F-ADD5-F159AAAFE5F3}.Ad-Hoc|iPhoneSimulator.Build.0 = Debug|Any CPU
		{73A32801-6656-4E2F-ADD5-F159AAAFE5F3}.Ad-Hoc|iPhoneSimulator.Deploy.0 = Debug|Any CPU
		{73A32801-6656-4E2F-ADD5-F159AAAFE5F3}.Ad-Hoc|x64.ActiveCfg = Debug|Any CPU
		{73A32801-6656-4E2F-ADD5-F159AAAFE5F3}.Ad-Hoc|x64.Build.0 = Debug|Any CPU
		{73A32801-6656-4E2F-ADD5-F159AAAFE5F3}.Ad-Hoc|x64.Deploy.0 = Debug|Any CPU
		{73A32801-6656-4E2F-ADD5-F159AAAFE5F3}.Ad-Hoc|x86.ActiveCfg = Debug|Any CPU
		{73A32801-6656-4E2F-ADD5-F159AAAFE5F3}.Ad-Hoc|x86.Build.0 = Debug|Any CPU
		{73A32801-6656-4E2F-ADD5-F159AAAFE5F3}.Ad-Hoc|x86.Deploy.0 = Debug|Any CPU
		{73A32801-6656-4E2F-ADD5-F159AAAFE5F3}.AppStore|Any CPU.ActiveCfg = Debug|Any CPU
		{73A32801-6656-4E2F-ADD5-F159AAAFE5F3}.AppStore|Any CPU.Build.0 = Debug|Any CPU
		{73A32801-6656-4E2F-ADD5-F159AAAFE5F3}.AppStore|Any CPU.Deploy.0 = Debug|Any CPU
		{73A32801-6656-4E2F-ADD5-F159AAAFE5F3}.AppStore|ARM.ActiveCfg = Debug|Any CPU
		{73A32801-6656-4E2F-ADD5-F159AAAFE5F3}.AppStore|ARM.Build.0 = Debug|Any CPU
		{73A32801-6656-4E2F-ADD5-F159AAAFE5F3}.AppStore|ARM.Deploy.0 = Debug|Any CPU
		{73A32801-6656-4E2F-ADD5-F159AAAFE5F3}.AppStore|ARM64.ActiveCfg = Debug|Any CPU
		{73A32801-6656-4E2F-ADD5-F159AAAFE5F3}.AppStore|ARM64.Build.0 = Debug|Any CPU
		{73A32801-6656-4E2F-ADD5-F159AAAFE5F3}.AppStore|ARM64.Deploy.0 = Debug|Any CPU
		{73A32801-6656-4E2F-ADD5-F159AAAFE5F3}.AppStore|iPhone.ActiveCfg = Debug|Any CPU
		{73A32801-6656-4E2F-ADD5-F159AAAFE5F3}.AppStore|iPhone.Build.0 = Debug|Any CPU
		{73A32801-6656-4E2F-ADD5-F159AAAFE5F3}.AppStore|iPhone.Deploy.0 = Debug|Any CPU
		{73A32801-6656-4E2F-ADD5-F159AAAFE5F3}.AppStore|iPhoneSimulator.ActiveCfg = Debug|Any CPU
		{73A32801-6656-4E2F-ADD5-F159AAAFE5F3}.AppStore|iPhoneSimulator.Build.0 = Debug|Any CPU
		{73A32801-6656-4E2F-ADD5-F159AAAFE5F3}.AppStore|iPhoneSimulator.Deploy.0 = Debug|Any CPU
		{73A32801-6656-4E2F-ADD5-F159AAAFE5F3}.AppStore|x64.ActiveCfg = Debug|Any CPU
		{73A32801-6656-4E2F-ADD5-F159AAAFE5F3}.AppStore|x64.Build.0 = Debug|Any CPU
		{73A32801-6656-4E2F-ADD5-F159AAAFE5F3}.AppStore|x64.Deploy.0 = Debug|Any CPU
		{73A32801-6656-4E2F-ADD5-F159AAAFE5F3}.AppStore|x86.ActiveCfg = Debug|Any CPU
		{73A32801-6656-4E2F-ADD5-F159AAAFE5F3}.AppStore|x86.Build.0 = Debug|Any CPU
		{73A32801-6656-4E2F-ADD5-F159AAAFE5F3}.AppStore|x86.Deploy.0 = Debug|Any CPU
		{73A32801-6656-4E2F-ADD5-F159AAAFE5F3}.Debug|Any CPU.ActiveCfg = Debug|Any CPU
		{73A32801-6656-4E2F-ADD5-F159AAAFE5F3}.Debug|Any CPU.Build.0 = Debug|Any CPU
		{73A32801-6656-4E2F-ADD5-F159AAAFE5F3}.Debug|Any CPU.Deploy.0 = Debug|Any CPU
		{73A32801-6656-4E2F-ADD5-F159AAAFE5F3}.Debug|ARM.ActiveCfg = Debug|Any CPU
		{73A32801-6656-4E2F-ADD5-F159AAAFE5F3}.Debug|ARM.Build.0 = Debug|Any CPU
		{73A32801-6656-4E2F-ADD5-F159AAAFE5F3}.Debug|ARM.Deploy.0 = Debug|Any CPU
		{73A32801-6656-4E2F-ADD5-F159AAAFE5F3}.Debug|ARM64.ActiveCfg = Debug|Any CPU
		{73A32801-6656-4E2F-ADD5-F159AAAFE5F3}.Debug|ARM64.Build.0 = Debug|Any CPU
		{73A32801-6656-4E2F-ADD5-F159AAAFE5F3}.Debug|ARM64.Deploy.0 = Debug|Any CPU
		{73A32801-6656-4E2F-ADD5-F159AAAFE5F3}.Debug|iPhone.ActiveCfg = Debug|Any CPU
		{73A32801-6656-4E2F-ADD5-F159AAAFE5F3}.Debug|iPhone.Build.0 = Debug|Any CPU
		{73A32801-6656-4E2F-ADD5-F159AAAFE5F3}.Debug|iPhone.Deploy.0 = Debug|Any CPU
		{73A32801-6656-4E2F-ADD5-F159AAAFE5F3}.Debug|iPhoneSimulator.ActiveCfg = Debug|Any CPU
		{73A32801-6656-4E2F-ADD5-F159AAAFE5F3}.Debug|iPhoneSimulator.Build.0 = Debug|Any CPU
		{73A32801-6656-4E2F-ADD5-F159AAAFE5F3}.Debug|iPhoneSimulator.Deploy.0 = Debug|Any CPU
		{73A32801-6656-4E2F-ADD5-F159AAAFE5F3}.Debug|x64.ActiveCfg = Debug|Any CPU
		{73A32801-6656-4E2F-ADD5-F159AAAFE5F3}.Debug|x64.Build.0 = Debug|Any CPU
		{73A32801-6656-4E2F-ADD5-F159AAAFE5F3}.Debug|x64.Deploy.0 = Debug|Any CPU
		{73A32801-6656-4E2F-ADD5-F159AAAFE5F3}.Debug|x86.ActiveCfg = Debug|Any CPU
		{73A32801-6656-4E2F-ADD5-F159AAAFE5F3}.Debug|x86.Build.0 = Debug|Any CPU
		{73A32801-6656-4E2F-ADD5-F159AAAFE5F3}.Debug|x86.Deploy.0 = Debug|Any CPU
		{73A32801-6656-4E2F-ADD5-F159AAAFE5F3}.Release|Any CPU.ActiveCfg = Release|Any CPU
		{73A32801-6656-4E2F-ADD5-F159AAAFE5F3}.Release|Any CPU.Build.0 = Release|Any CPU
		{73A32801-6656-4E2F-ADD5-F159AAAFE5F3}.Release|Any CPU.Deploy.0 = Release|Any CPU
		{73A32801-6656-4E2F-ADD5-F159AAAFE5F3}.Release|ARM.ActiveCfg = Release|Any CPU
		{73A32801-6656-4E2F-ADD5-F159AAAFE5F3}.Release|ARM.Build.0 = Release|Any CPU
		{73A32801-6656-4E2F-ADD5-F159AAAFE5F3}.Release|ARM.Deploy.0 = Release|Any CPU
		{73A32801-6656-4E2F-ADD5-F159AAAFE5F3}.Release|ARM64.ActiveCfg = Release|Any CPU
		{73A32801-6656-4E2F-ADD5-F159AAAFE5F3}.Release|ARM64.Build.0 = Release|Any CPU
		{73A32801-6656-4E2F-ADD5-F159AAAFE5F3}.Release|ARM64.Deploy.0 = Release|Any CPU
		{73A32801-6656-4E2F-ADD5-F159AAAFE5F3}.Release|iPhone.ActiveCfg = Release|Any CPU
		{73A32801-6656-4E2F-ADD5-F159AAAFE5F3}.Release|iPhone.Build.0 = Release|Any CPU
		{73A32801-6656-4E2F-ADD5-F159AAAFE5F3}.Release|iPhone.Deploy.0 = Release|Any CPU
		{73A32801-6656-4E2F-ADD5-F159AAAFE5F3}.Release|iPhoneSimulator.ActiveCfg = Release|Any CPU
		{73A32801-6656-4E2F-ADD5-F159AAAFE5F3}.Release|iPhoneSimulator.Build.0 = Release|Any CPU
		{73A32801-6656-4E2F-ADD5-F159AAAFE5F3}.Release|iPhoneSimulator.Deploy.0 = Release|Any CPU
		{73A32801-6656-4E2F-ADD5-F159AAAFE5F3}.Release|x64.ActiveCfg = Release|Any CPU
		{73A32801-6656-4E2F-ADD5-F159AAAFE5F3}.Release|x64.Build.0 = Release|Any CPU
		{73A32801-6656-4E2F-ADD5-F159AAAFE5F3}.Release|x64.Deploy.0 = Release|Any CPU
		{73A32801-6656-4E2F-ADD5-F159AAAFE5F3}.Release|x86.ActiveCfg = Release|Any CPU
		{73A32801-6656-4E2F-ADD5-F159AAAFE5F3}.Release|x86.Build.0 = Release|Any CPU
		{73A32801-6656-4E2F-ADD5-F159AAAFE5F3}.Release|x86.Deploy.0 = Release|Any CPU
		{B355968B-BDB1-483A-8A9D-80A45B9E177E}.Ad-Hoc|Any CPU.ActiveCfg = Ad-Hoc|iPhoneSimulator
		{B355968B-BDB1-483A-8A9D-80A45B9E177E}.Ad-Hoc|ARM.ActiveCfg = Ad-Hoc|iPhoneSimulator
		{B355968B-BDB1-483A-8A9D-80A45B9E177E}.Ad-Hoc|ARM64.ActiveCfg = Ad-Hoc|iPhoneSimulator
		{B355968B-BDB1-483A-8A9D-80A45B9E177E}.Ad-Hoc|iPhone.ActiveCfg = Ad-Hoc|iPhone
		{B355968B-BDB1-483A-8A9D-80A45B9E177E}.Ad-Hoc|iPhone.Build.0 = Ad-Hoc|iPhone
		{B355968B-BDB1-483A-8A9D-80A45B9E177E}.Ad-Hoc|iPhoneSimulator.ActiveCfg = Ad-Hoc|iPhoneSimulator
		{B355968B-BDB1-483A-8A9D-80A45B9E177E}.Ad-Hoc|iPhoneSimulator.Build.0 = Ad-Hoc|iPhoneSimulator
		{B355968B-BDB1-483A-8A9D-80A45B9E177E}.Ad-Hoc|x64.ActiveCfg = Ad-Hoc|iPhoneSimulator
		{B355968B-BDB1-483A-8A9D-80A45B9E177E}.Ad-Hoc|x86.ActiveCfg = Ad-Hoc|iPhoneSimulator
		{B355968B-BDB1-483A-8A9D-80A45B9E177E}.AppStore|Any CPU.ActiveCfg = AppStore|iPhoneSimulator
		{B355968B-BDB1-483A-8A9D-80A45B9E177E}.AppStore|ARM.ActiveCfg = AppStore|iPhoneSimulator
		{B355968B-BDB1-483A-8A9D-80A45B9E177E}.AppStore|ARM64.ActiveCfg = AppStore|iPhoneSimulator
		{B355968B-BDB1-483A-8A9D-80A45B9E177E}.AppStore|iPhone.ActiveCfg = AppStore|iPhone
		{B355968B-BDB1-483A-8A9D-80A45B9E177E}.AppStore|iPhone.Build.0 = AppStore|iPhone
		{B355968B-BDB1-483A-8A9D-80A45B9E177E}.AppStore|iPhoneSimulator.ActiveCfg = AppStore|iPhoneSimulator
		{B355968B-BDB1-483A-8A9D-80A45B9E177E}.AppStore|iPhoneSimulator.Build.0 = AppStore|iPhoneSimulator
		{B355968B-BDB1-483A-8A9D-80A45B9E177E}.AppStore|x64.ActiveCfg = AppStore|iPhoneSimulator
		{B355968B-BDB1-483A-8A9D-80A45B9E177E}.AppStore|x86.ActiveCfg = AppStore|iPhoneSimulator
		{B355968B-BDB1-483A-8A9D-80A45B9E177E}.Debug|Any CPU.ActiveCfg = Debug|iPhoneSimulator
		{B355968B-BDB1-483A-8A9D-80A45B9E177E}.Debug|ARM.ActiveCfg = Debug|iPhoneSimulator
		{B355968B-BDB1-483A-8A9D-80A45B9E177E}.Debug|ARM64.ActiveCfg = Debug|iPhoneSimulator
		{B355968B-BDB1-483A-8A9D-80A45B9E177E}.Debug|iPhone.ActiveCfg = Debug|iPhone
		{B355968B-BDB1-483A-8A9D-80A45B9E177E}.Debug|iPhone.Build.0 = Debug|iPhone
		{B355968B-BDB1-483A-8A9D-80A45B9E177E}.Debug|iPhoneSimulator.ActiveCfg = Debug|iPhoneSimulator
		{B355968B-BDB1-483A-8A9D-80A45B9E177E}.Debug|iPhoneSimulator.Build.0 = Debug|iPhoneSimulator
		{B355968B-BDB1-483A-8A9D-80A45B9E177E}.Debug|x64.ActiveCfg = Debug|iPhoneSimulator
		{B355968B-BDB1-483A-8A9D-80A45B9E177E}.Debug|x86.ActiveCfg = Debug|iPhoneSimulator
		{B355968B-BDB1-483A-8A9D-80A45B9E177E}.Release|Any CPU.ActiveCfg = Release|iPhoneSimulator
		{B355968B-BDB1-483A-8A9D-80A45B9E177E}.Release|ARM.ActiveCfg = Release|iPhoneSimulator
		{B355968B-BDB1-483A-8A9D-80A45B9E177E}.Release|ARM64.ActiveCfg = Release|iPhoneSimulator
		{B355968B-BDB1-483A-8A9D-80A45B9E177E}.Release|iPhone.ActiveCfg = Release|iPhone
		{B355968B-BDB1-483A-8A9D-80A45B9E177E}.Release|iPhone.Build.0 = Release|iPhone
		{B355968B-BDB1-483A-8A9D-80A45B9E177E}.Release|iPhoneSimulator.ActiveCfg = Release|iPhoneSimulator
		{B355968B-BDB1-483A-8A9D-80A45B9E177E}.Release|iPhoneSimulator.Build.0 = Release|iPhoneSimulator
		{B355968B-BDB1-483A-8A9D-80A45B9E177E}.Release|x64.ActiveCfg = Release|iPhoneSimulator
		{B355968B-BDB1-483A-8A9D-80A45B9E177E}.Release|x86.ActiveCfg = Release|iPhoneSimulator
		{6F8B6BE3-B391-4D01-8E51-176F75FD1396}.Ad-Hoc|Any CPU.ActiveCfg = Debug|x86
		{6F8B6BE3-B391-4D01-8E51-176F75FD1396}.Ad-Hoc|Any CPU.Build.0 = Debug|x86
		{6F8B6BE3-B391-4D01-8E51-176F75FD1396}.Ad-Hoc|Any CPU.Deploy.0 = Debug|x86
		{6F8B6BE3-B391-4D01-8E51-176F75FD1396}.Ad-Hoc|ARM.ActiveCfg = Debug|ARM
		{6F8B6BE3-B391-4D01-8E51-176F75FD1396}.Ad-Hoc|ARM.Build.0 = Debug|ARM
		{6F8B6BE3-B391-4D01-8E51-176F75FD1396}.Ad-Hoc|ARM.Deploy.0 = Debug|ARM
		{6F8B6BE3-B391-4D01-8E51-176F75FD1396}.Ad-Hoc|ARM64.ActiveCfg = Debug|ARM64
		{6F8B6BE3-B391-4D01-8E51-176F75FD1396}.Ad-Hoc|ARM64.Build.0 = Debug|ARM64
		{6F8B6BE3-B391-4D01-8E51-176F75FD1396}.Ad-Hoc|ARM64.Deploy.0 = Debug|ARM64
		{6F8B6BE3-B391-4D01-8E51-176F75FD1396}.Ad-Hoc|iPhone.ActiveCfg = Debug|x86
		{6F8B6BE3-B391-4D01-8E51-176F75FD1396}.Ad-Hoc|iPhone.Build.0 = Debug|x86
		{6F8B6BE3-B391-4D01-8E51-176F75FD1396}.Ad-Hoc|iPhone.Deploy.0 = Debug|x86
		{6F8B6BE3-B391-4D01-8E51-176F75FD1396}.Ad-Hoc|iPhoneSimulator.ActiveCfg = Debug|x86
		{6F8B6BE3-B391-4D01-8E51-176F75FD1396}.Ad-Hoc|iPhoneSimulator.Build.0 = Debug|x86
		{6F8B6BE3-B391-4D01-8E51-176F75FD1396}.Ad-Hoc|iPhoneSimulator.Deploy.0 = Debug|x86
		{6F8B6BE3-B391-4D01-8E51-176F75FD1396}.Ad-Hoc|x64.ActiveCfg = Debug|x64
		{6F8B6BE3-B391-4D01-8E51-176F75FD1396}.Ad-Hoc|x64.Build.0 = Debug|x64
		{6F8B6BE3-B391-4D01-8E51-176F75FD1396}.Ad-Hoc|x64.Deploy.0 = Debug|x64
		{6F8B6BE3-B391-4D01-8E51-176F75FD1396}.Ad-Hoc|x86.ActiveCfg = Debug|x86
		{6F8B6BE3-B391-4D01-8E51-176F75FD1396}.Ad-Hoc|x86.Build.0 = Debug|x86
		{6F8B6BE3-B391-4D01-8E51-176F75FD1396}.Ad-Hoc|x86.Deploy.0 = Debug|x86
		{6F8B6BE3-B391-4D01-8E51-176F75FD1396}.AppStore|Any CPU.ActiveCfg = Debug|x86
		{6F8B6BE3-B391-4D01-8E51-176F75FD1396}.AppStore|Any CPU.Build.0 = Debug|x86
		{6F8B6BE3-B391-4D01-8E51-176F75FD1396}.AppStore|Any CPU.Deploy.0 = Debug|x86
		{6F8B6BE3-B391-4D01-8E51-176F75FD1396}.AppStore|ARM.ActiveCfg = Debug|ARM
		{6F8B6BE3-B391-4D01-8E51-176F75FD1396}.AppStore|ARM.Build.0 = Debug|ARM
		{6F8B6BE3-B391-4D01-8E51-176F75FD1396}.AppStore|ARM.Deploy.0 = Debug|ARM
		{6F8B6BE3-B391-4D01-8E51-176F75FD1396}.AppStore|ARM64.ActiveCfg = Debug|ARM64
		{6F8B6BE3-B391-4D01-8E51-176F75FD1396}.AppStore|ARM64.Build.0 = Debug|ARM64
		{6F8B6BE3-B391-4D01-8E51-176F75FD1396}.AppStore|ARM64.Deploy.0 = Debug|ARM64
		{6F8B6BE3-B391-4D01-8E51-176F75FD1396}.AppStore|iPhone.ActiveCfg = Debug|x86
		{6F8B6BE3-B391-4D01-8E51-176F75FD1396}.AppStore|iPhone.Build.0 = Debug|x86
		{6F8B6BE3-B391-4D01-8E51-176F75FD1396}.AppStore|iPhone.Deploy.0 = Debug|x86
		{6F8B6BE3-B391-4D01-8E51-176F75FD1396}.AppStore|iPhoneSimulator.ActiveCfg = Debug|x86
		{6F8B6BE3-B391-4D01-8E51-176F75FD1396}.AppStore|iPhoneSimulator.Build.0 = Debug|x86
		{6F8B6BE3-B391-4D01-8E51-176F75FD1396}.AppStore|iPhoneSimulator.Deploy.0 = Debug|x86
		{6F8B6BE3-B391-4D01-8E51-176F75FD1396}.AppStore|x64.ActiveCfg = Debug|x64
		{6F8B6BE3-B391-4D01-8E51-176F75FD1396}.AppStore|x64.Build.0 = Debug|x64
		{6F8B6BE3-B391-4D01-8E51-176F75FD1396}.AppStore|x64.Deploy.0 = Debug|x64
		{6F8B6BE3-B391-4D01-8E51-176F75FD1396}.AppStore|x86.ActiveCfg = Debug|x86
		{6F8B6BE3-B391-4D01-8E51-176F75FD1396}.AppStore|x86.Build.0 = Debug|x86
		{6F8B6BE3-B391-4D01-8E51-176F75FD1396}.AppStore|x86.Deploy.0 = Debug|x86
		{6F8B6BE3-B391-4D01-8E51-176F75FD1396}.Debug|Any CPU.ActiveCfg = Debug|x86
		{6F8B6BE3-B391-4D01-8E51-176F75FD1396}.Debug|ARM.ActiveCfg = Debug|ARM
		{6F8B6BE3-B391-4D01-8E51-176F75FD1396}.Debug|ARM.Build.0 = Debug|ARM
		{6F8B6BE3-B391-4D01-8E51-176F75FD1396}.Debug|ARM.Deploy.0 = Debug|ARM
		{6F8B6BE3-B391-4D01-8E51-176F75FD1396}.Debug|ARM64.ActiveCfg = Debug|ARM64
		{6F8B6BE3-B391-4D01-8E51-176F75FD1396}.Debug|ARM64.Build.0 = Debug|ARM64
		{6F8B6BE3-B391-4D01-8E51-176F75FD1396}.Debug|ARM64.Deploy.0 = Debug|ARM64
		{6F8B6BE3-B391-4D01-8E51-176F75FD1396}.Debug|iPhone.ActiveCfg = Debug|x86
		{6F8B6BE3-B391-4D01-8E51-176F75FD1396}.Debug|iPhoneSimulator.ActiveCfg = Debug|x86
		{6F8B6BE3-B391-4D01-8E51-176F75FD1396}.Debug|x64.ActiveCfg = Debug|x64
		{6F8B6BE3-B391-4D01-8E51-176F75FD1396}.Debug|x64.Build.0 = Debug|x64
		{6F8B6BE3-B391-4D01-8E51-176F75FD1396}.Debug|x64.Deploy.0 = Debug|x64
		{6F8B6BE3-B391-4D01-8E51-176F75FD1396}.Debug|x86.ActiveCfg = Debug|x86
		{6F8B6BE3-B391-4D01-8E51-176F75FD1396}.Debug|x86.Build.0 = Debug|x86
		{6F8B6BE3-B391-4D01-8E51-176F75FD1396}.Debug|x86.Deploy.0 = Debug|x86
		{6F8B6BE3-B391-4D01-8E51-176F75FD1396}.Release|Any CPU.ActiveCfg = Release|x86
		{6F8B6BE3-B391-4D01-8E51-176F75FD1396}.Release|ARM.ActiveCfg = Release|ARM
		{6F8B6BE3-B391-4D01-8E51-176F75FD1396}.Release|ARM.Build.0 = Release|ARM
		{6F8B6BE3-B391-4D01-8E51-176F75FD1396}.Release|ARM.Deploy.0 = Release|ARM
		{6F8B6BE3-B391-4D01-8E51-176F75FD1396}.Release|ARM64.ActiveCfg = Release|ARM64
		{6F8B6BE3-B391-4D01-8E51-176F75FD1396}.Release|ARM64.Build.0 = Release|ARM64
		{6F8B6BE3-B391-4D01-8E51-176F75FD1396}.Release|ARM64.Deploy.0 = Release|ARM64
		{6F8B6BE3-B391-4D01-8E51-176F75FD1396}.Release|iPhone.ActiveCfg = Release|x86
		{6F8B6BE3-B391-4D01-8E51-176F75FD1396}.Release|iPhoneSimulator.ActiveCfg = Release|x86
		{6F8B6BE3-B391-4D01-8E51-176F75FD1396}.Release|x64.ActiveCfg = Release|x64
		{6F8B6BE3-B391-4D01-8E51-176F75FD1396}.Release|x64.Build.0 = Release|x64
		{6F8B6BE3-B391-4D01-8E51-176F75FD1396}.Release|x64.Deploy.0 = Release|x64
		{6F8B6BE3-B391-4D01-8E51-176F75FD1396}.Release|x86.ActiveCfg = Release|x86
		{6F8B6BE3-B391-4D01-8E51-176F75FD1396}.Release|x86.Build.0 = Release|x86
		{6F8B6BE3-B391-4D01-8E51-176F75FD1396}.Release|x86.Deploy.0 = Release|x86
		{07E63CC8-096A-48B5-A5DF-3122E55B7F39}.Ad-Hoc|Any CPU.ActiveCfg = Debug|Any CPU
		{07E63CC8-096A-48B5-A5DF-3122E55B7F39}.Ad-Hoc|Any CPU.Build.0 = Debug|Any CPU
		{07E63CC8-096A-48B5-A5DF-3122E55B7F39}.Ad-Hoc|ARM.ActiveCfg = Debug|Any CPU
		{07E63CC8-096A-48B5-A5DF-3122E55B7F39}.Ad-Hoc|ARM.Build.0 = Debug|Any CPU
		{07E63CC8-096A-48B5-A5DF-3122E55B7F39}.Ad-Hoc|ARM64.ActiveCfg = Debug|Any CPU
		{07E63CC8-096A-48B5-A5DF-3122E55B7F39}.Ad-Hoc|ARM64.Build.0 = Debug|Any CPU
		{07E63CC8-096A-48B5-A5DF-3122E55B7F39}.Ad-Hoc|iPhone.ActiveCfg = Debug|Any CPU
		{07E63CC8-096A-48B5-A5DF-3122E55B7F39}.Ad-Hoc|iPhone.Build.0 = Debug|Any CPU
		{07E63CC8-096A-48B5-A5DF-3122E55B7F39}.Ad-Hoc|iPhoneSimulator.ActiveCfg = Debug|Any CPU
		{07E63CC8-096A-48B5-A5DF-3122E55B7F39}.Ad-Hoc|iPhoneSimulator.Build.0 = Debug|Any CPU
		{07E63CC8-096A-48B5-A5DF-3122E55B7F39}.Ad-Hoc|x64.ActiveCfg = Debug|Any CPU
		{07E63CC8-096A-48B5-A5DF-3122E55B7F39}.Ad-Hoc|x64.Build.0 = Debug|Any CPU
		{07E63CC8-096A-48B5-A5DF-3122E55B7F39}.Ad-Hoc|x86.ActiveCfg = Debug|Any CPU
		{07E63CC8-096A-48B5-A5DF-3122E55B7F39}.Ad-Hoc|x86.Build.0 = Debug|Any CPU
		{07E63CC8-096A-48B5-A5DF-3122E55B7F39}.AppStore|Any CPU.ActiveCfg = Debug|Any CPU
		{07E63CC8-096A-48B5-A5DF-3122E55B7F39}.AppStore|Any CPU.Build.0 = Debug|Any CPU
		{07E63CC8-096A-48B5-A5DF-3122E55B7F39}.AppStore|ARM.ActiveCfg = Debug|Any CPU
		{07E63CC8-096A-48B5-A5DF-3122E55B7F39}.AppStore|ARM.Build.0 = Debug|Any CPU
		{07E63CC8-096A-48B5-A5DF-3122E55B7F39}.AppStore|ARM64.ActiveCfg = Debug|Any CPU
		{07E63CC8-096A-48B5-A5DF-3122E55B7F39}.AppStore|ARM64.Build.0 = Debug|Any CPU
		{07E63CC8-096A-48B5-A5DF-3122E55B7F39}.AppStore|iPhone.ActiveCfg = Debug|Any CPU
		{07E63CC8-096A-48B5-A5DF-3122E55B7F39}.AppStore|iPhone.Build.0 = Debug|Any CPU
		{07E63CC8-096A-48B5-A5DF-3122E55B7F39}.AppStore|iPhoneSimulator.ActiveCfg = Debug|Any CPU
		{07E63CC8-096A-48B5-A5DF-3122E55B7F39}.AppStore|iPhoneSimulator.Build.0 = Debug|Any CPU
		{07E63CC8-096A-48B5-A5DF-3122E55B7F39}.AppStore|x64.ActiveCfg = Debug|Any CPU
		{07E63CC8-096A-48B5-A5DF-3122E55B7F39}.AppStore|x64.Build.0 = Debug|Any CPU
		{07E63CC8-096A-48B5-A5DF-3122E55B7F39}.AppStore|x86.ActiveCfg = Debug|Any CPU
		{07E63CC8-096A-48B5-A5DF-3122E55B7F39}.AppStore|x86.Build.0 = Debug|Any CPU
		{07E63CC8-096A-48B5-A5DF-3122E55B7F39}.Debug|Any CPU.ActiveCfg = Debug|Any CPU
		{07E63CC8-096A-48B5-A5DF-3122E55B7F39}.Debug|Any CPU.Build.0 = Debug|Any CPU
		{07E63CC8-096A-48B5-A5DF-3122E55B7F39}.Debug|ARM.ActiveCfg = Debug|Any CPU
		{07E63CC8-096A-48B5-A5DF-3122E55B7F39}.Debug|ARM.Build.0 = Debug|Any CPU
		{07E63CC8-096A-48B5-A5DF-3122E55B7F39}.Debug|ARM64.ActiveCfg = Debug|Any CPU
		{07E63CC8-096A-48B5-A5DF-3122E55B7F39}.Debug|ARM64.Build.0 = Debug|Any CPU
		{07E63CC8-096A-48B5-A5DF-3122E55B7F39}.Debug|iPhone.ActiveCfg = Debug|Any CPU
		{07E63CC8-096A-48B5-A5DF-3122E55B7F39}.Debug|iPhone.Build.0 = Debug|Any CPU
		{07E63CC8-096A-48B5-A5DF-3122E55B7F39}.Debug|iPhoneSimulator.ActiveCfg = Debug|Any CPU
		{07E63CC8-096A-48B5-A5DF-3122E55B7F39}.Debug|iPhoneSimulator.Build.0 = Debug|Any CPU
		{07E63CC8-096A-48B5-A5DF-3122E55B7F39}.Debug|x64.ActiveCfg = Debug|Any CPU
		{07E63CC8-096A-48B5-A5DF-3122E55B7F39}.Debug|x64.Build.0 = Debug|Any CPU
		{07E63CC8-096A-48B5-A5DF-3122E55B7F39}.Debug|x86.ActiveCfg = Debug|Any CPU
		{07E63CC8-096A-48B5-A5DF-3122E55B7F39}.Debug|x86.Build.0 = Debug|Any CPU
		{07E63CC8-096A-48B5-A5DF-3122E55B7F39}.Release|Any CPU.ActiveCfg = Release|Any CPU
		{07E63CC8-096A-48B5-A5DF-3122E55B7F39}.Release|Any CPU.Build.0 = Release|Any CPU
		{07E63CC8-096A-48B5-A5DF-3122E55B7F39}.Release|ARM.ActiveCfg = Release|Any CPU
		{07E63CC8-096A-48B5-A5DF-3122E55B7F39}.Release|ARM.Build.0 = Release|Any CPU
		{07E63CC8-096A-48B5-A5DF-3122E55B7F39}.Release|ARM64.ActiveCfg = Release|Any CPU
		{07E63CC8-096A-48B5-A5DF-3122E55B7F39}.Release|ARM64.Build.0 = Release|Any CPU
		{07E63CC8-096A-48B5-A5DF-3122E55B7F39}.Release|iPhone.ActiveCfg = Release|Any CPU
		{07E63CC8-096A-48B5-A5DF-3122E55B7F39}.Release|iPhone.Build.0 = Release|Any CPU
		{07E63CC8-096A-48B5-A5DF-3122E55B7F39}.Release|iPhoneSimulator.ActiveCfg = Release|Any CPU
		{07E63CC8-096A-48B5-A5DF-3122E55B7F39}.Release|iPhoneSimulator.Build.0 = Release|Any CPU
		{07E63CC8-096A-48B5-A5DF-3122E55B7F39}.Release|x64.ActiveCfg = Release|Any CPU
		{07E63CC8-096A-48B5-A5DF-3122E55B7F39}.Release|x64.Build.0 = Release|Any CPU
		{07E63CC8-096A-48B5-A5DF-3122E55B7F39}.Release|x86.ActiveCfg = Release|Any CPU
		{07E63CC8-096A-48B5-A5DF-3122E55B7F39}.Release|x86.Build.0 = Release|Any CPU
		{DA22CD23-F354-4664-B03F-CACEF3C82801}.Ad-Hoc|Any CPU.ActiveCfg = Debug|iPhoneSimulator
		{DA22CD23-F354-4664-B03F-CACEF3C82801}.Ad-Hoc|Any CPU.Build.0 = Debug|iPhoneSimulator
		{DA22CD23-F354-4664-B03F-CACEF3C82801}.Ad-Hoc|ARM.ActiveCfg = Debug|iPhoneSimulator
		{DA22CD23-F354-4664-B03F-CACEF3C82801}.Ad-Hoc|ARM.Build.0 = Debug|iPhoneSimulator
		{DA22CD23-F354-4664-B03F-CACEF3C82801}.Ad-Hoc|ARM64.ActiveCfg = Debug|iPhoneSimulator
		{DA22CD23-F354-4664-B03F-CACEF3C82801}.Ad-Hoc|ARM64.Build.0 = Debug|iPhoneSimulator
		{DA22CD23-F354-4664-B03F-CACEF3C82801}.Ad-Hoc|iPhone.ActiveCfg = Debug|iPhoneSimulator
		{DA22CD23-F354-4664-B03F-CACEF3C82801}.Ad-Hoc|iPhone.Build.0 = Debug|iPhoneSimulator
		{DA22CD23-F354-4664-B03F-CACEF3C82801}.Ad-Hoc|iPhoneSimulator.ActiveCfg = Debug|iPhoneSimulator
		{DA22CD23-F354-4664-B03F-CACEF3C82801}.Ad-Hoc|iPhoneSimulator.Build.0 = Debug|iPhoneSimulator
		{DA22CD23-F354-4664-B03F-CACEF3C82801}.Ad-Hoc|x64.ActiveCfg = Debug|iPhoneSimulator
		{DA22CD23-F354-4664-B03F-CACEF3C82801}.Ad-Hoc|x64.Build.0 = Debug|iPhoneSimulator
		{DA22CD23-F354-4664-B03F-CACEF3C82801}.Ad-Hoc|x86.ActiveCfg = Debug|iPhoneSimulator
		{DA22CD23-F354-4664-B03F-CACEF3C82801}.Ad-Hoc|x86.Build.0 = Debug|iPhoneSimulator
		{DA22CD23-F354-4664-B03F-CACEF3C82801}.AppStore|Any CPU.ActiveCfg = Debug|iPhoneSimulator
		{DA22CD23-F354-4664-B03F-CACEF3C82801}.AppStore|Any CPU.Build.0 = Debug|iPhoneSimulator
		{DA22CD23-F354-4664-B03F-CACEF3C82801}.AppStore|ARM.ActiveCfg = Debug|iPhoneSimulator
		{DA22CD23-F354-4664-B03F-CACEF3C82801}.AppStore|ARM.Build.0 = Debug|iPhoneSimulator
		{DA22CD23-F354-4664-B03F-CACEF3C82801}.AppStore|ARM64.ActiveCfg = Debug|iPhoneSimulator
		{DA22CD23-F354-4664-B03F-CACEF3C82801}.AppStore|ARM64.Build.0 = Debug|iPhoneSimulator
		{DA22CD23-F354-4664-B03F-CACEF3C82801}.AppStore|iPhone.ActiveCfg = Debug|iPhoneSimulator
		{DA22CD23-F354-4664-B03F-CACEF3C82801}.AppStore|iPhone.Build.0 = Debug|iPhoneSimulator
		{DA22CD23-F354-4664-B03F-CACEF3C82801}.AppStore|iPhoneSimulator.ActiveCfg = Debug|iPhoneSimulator
		{DA22CD23-F354-4664-B03F-CACEF3C82801}.AppStore|iPhoneSimulator.Build.0 = Debug|iPhoneSimulator
		{DA22CD23-F354-4664-B03F-CACEF3C82801}.AppStore|x64.ActiveCfg = Debug|iPhoneSimulator
		{DA22CD23-F354-4664-B03F-CACEF3C82801}.AppStore|x64.Build.0 = Debug|iPhoneSimulator
		{DA22CD23-F354-4664-B03F-CACEF3C82801}.AppStore|x86.ActiveCfg = Debug|iPhoneSimulator
		{DA22CD23-F354-4664-B03F-CACEF3C82801}.AppStore|x86.Build.0 = Debug|iPhoneSimulator
		{DA22CD23-F354-4664-B03F-CACEF3C82801}.Debug|Any CPU.ActiveCfg = Debug|iPhoneSimulator
		{DA22CD23-F354-4664-B03F-CACEF3C82801}.Debug|ARM.ActiveCfg = Debug|iPhoneSimulator
		{DA22CD23-F354-4664-B03F-CACEF3C82801}.Debug|ARM64.ActiveCfg = Debug|iPhoneSimulator
		{DA22CD23-F354-4664-B03F-CACEF3C82801}.Debug|iPhone.ActiveCfg = Debug|iPhoneSimulator
		{DA22CD23-F354-4664-B03F-CACEF3C82801}.Debug|iPhoneSimulator.ActiveCfg = Debug|iPhoneSimulator
		{DA22CD23-F354-4664-B03F-CACEF3C82801}.Debug|iPhoneSimulator.Build.0 = Debug|iPhoneSimulator
		{DA22CD23-F354-4664-B03F-CACEF3C82801}.Debug|x64.ActiveCfg = Debug|iPhoneSimulator
		{DA22CD23-F354-4664-B03F-CACEF3C82801}.Debug|x86.ActiveCfg = Debug|iPhoneSimulator
		{DA22CD23-F354-4664-B03F-CACEF3C82801}.Release|Any CPU.ActiveCfg = Release|iPhoneSimulator
		{DA22CD23-F354-4664-B03F-CACEF3C82801}.Release|ARM.ActiveCfg = Release|iPhoneSimulator
		{DA22CD23-F354-4664-B03F-CACEF3C82801}.Release|ARM64.ActiveCfg = Release|iPhoneSimulator
		{DA22CD23-F354-4664-B03F-CACEF3C82801}.Release|iPhone.ActiveCfg = Release|iPhoneSimulator
		{DA22CD23-F354-4664-B03F-CACEF3C82801}.Release|iPhoneSimulator.ActiveCfg = Release|iPhoneSimulator
		{DA22CD23-F354-4664-B03F-CACEF3C82801}.Release|iPhoneSimulator.Build.0 = Release|iPhoneSimulator
		{DA22CD23-F354-4664-B03F-CACEF3C82801}.Release|x64.ActiveCfg = Release|iPhoneSimulator
		{DA22CD23-F354-4664-B03F-CACEF3C82801}.Release|x86.ActiveCfg = Release|iPhoneSimulator
	EndGlobalSection
	GlobalSection(SolutionProperties) = preSolution
		HideSolutionNode = FALSE
	EndGlobalSection
	GlobalSection(ExtensibilityGlobals) = postSolution
		SolutionGuid = {6188475C-7662-4DF6-BEE2-DDE9C759BDB0}
	EndGlobalSection
EndGlobal
